
Microsoft Visual Studio Solution File, Format Version 12.00
# Visual Studio 2013
VisualStudioVersion = 12.0.30723.0
MinimumVisualStudioVersion = 10.0.40219.1
Project("{FAE04EC0-301F-11D3-BF4B-00C04F79EFBC}") = "LuceneDemo", "LuceneDemo\LuceneDemo.csproj", "{D448A1BA-2DE2-430D-8448-6BFFC5FE5820}"
EndProject
Project("{FAE04EC0-301F-11D3-BF4B-00C04F79EFBC}") = "LuceneSite", "LuceneSite\LuceneSite.csproj", "{D918C669-1EDB-4E46-9208-DD30721BB590}"
EndProject
Global
	GlobalSection(SolutionConfigurationPlatforms) = preSolution
		Debug|Any CPU = Debug|Any CPU
		Release|Any CPU = Release|Any CPU
	EndGlobalSection
	GlobalSection(ProjectConfigurationPlatforms) = postSolution
		{D448A1BA-2DE2-430D-8448-6BFFC5FE5820}.Debug|Any CPU.ActiveCfg = Debug|Any CPU
		{D448A1BA-2DE2-430D-8448-6BFFC5FE5820}.Debug|Any CPU.Build.0 = Debug|Any CPU
		{D448A1BA-2DE2-430D-8448-6BFFC5FE5820}.Release|Any CPU.ActiveCfg = Release|Any CPU
		{D448A1BA-2DE2-430D-8448-6BFFC5FE5820}.Release|Any CPU.Build.0 = Release|Any CPU
		{D918C669-1EDB-4E46-9208-DD30721BB590}.Debug|Any CPU.ActiveCfg = Debug|Any CPU
		{D918C669-1EDB-4E46-9208-DD30721BB590}.Debug|Any CPU.Build.0 = Debug|Any CPU
		{D918C669-1EDB-4E46-9208-DD30721BB590}.Release|Any CPU.ActiveCfg = Release|Any CPU
		{D918C669-1EDB-4E46-9208-DD30721BB590}.Release|Any CPU.Build.0 = Release|Any CPU
	EndGlobalSection
	GlobalSection(SolutionProperties) = preSolution
		HideSolutionNode = FALSE
	EndGlobalSection
EndGlobal
