
Microsoft Visual Studio Solution File, Format Version 12.00
# Visual Studio 2013
VisualStudioVersion = 12.0.31101.0
MinimumVisualStudioVersion = 10.0.40219.1
Project("{FAE04EC0-301F-11D3-BF4B-00C04F79EFBC}") = "Travelling.Repository", "Travelling.Repository\Travelling.Repository.csproj", "{CEDA6BB9-E285-4F4C-984E-CE3B7E4870F5}"
EndProject
Project("{FAE04EC0-301F-11D3-BF4B-00C04F79EFBC}") = "Travelling.DataLayer", "Travelling.DataLayer\Travelling.DataLayer.csproj", "{5F404BE1-5384-4E02-AFC0-30AB4E63D5EA}"
EndProject
Project("{FAE04EC0-301F-11D3-BF4B-00C04F79EFBC}") = "Travelling.UI", "Travelling.UI\Travelling.UI.csproj", "{EFBBC89A-C762-46C6-A05B-5AA485806ECD}"
EndProject
Project("{FAE04EC0-301F-11D3-BF4B-00C04F79EFBC}") = "Travelling.Web", "Travelling.Web\Travelling.Web.csproj", "{B6134BA8-8869-49DA-B273-6E54AA2C7D67}"
EndProject
Project("{FAE04EC0-301F-11D3-BF4B-00C04F79EFBC}") = "Travelling.Domain", "Travelling.Domain\Travelling.Domain.csproj", "{341B6A3A-81CE-4124-A51C-B4F3A98989EF}"
EndProject
Project("{FAE04EC0-301F-11D3-BF4B-00C04F79EFBC}") = "Travelling.OpenApiSDK", "Travelling.OpenApiSDK\Travelling.OpenApiSDK.csproj", "{217E5F0D-F46C-498D-B7B1-DB75B7670B19}"
EndProject
Project("{FAE04EC0-301F-11D3-BF4B-00C04F79EFBC}") = "Travelling.Caching", "Travelling.Caching\Travelling.Caching.csproj", "{D0CC3DC2-E7B1-486F-B6B5-CB7B9EE1FF27}"
EndProject
Project("{FAE04EC0-301F-11D3-BF4B-00C04F79EFBC}") = "Travelling.FrameWork", "Travelling.FrameWork\Travelling.FrameWork.csproj", "{44BA1B80-DADE-446C-A0AA-CEC37A6381BA}"
EndProject
Project("{FAE04EC0-301F-11D3-BF4B-00C04F79EFBC}") = "Travelling.CommonLibrary", "Travelling.CommonLibrary\Travelling.CommonLibrary.csproj", "{075522D2-7387-45FA-884A-E59DE4C16665}"
EndProject
Project("{FAE04EC0-301F-11D3-BF4B-00C04F79EFBC}") = "Travelling.OpenApiEntity", "Travelling.OpenApiEntity\Travelling.OpenApiEntity.csproj", "{4FAC92AC-8334-428E-A469-91A25B8663EB}"
EndProject
Project("{2150E333-8FDC-42A3-9474-1A3956D46DE8}") = "Web", "Web", "{6DD5431F-B6B8-4AFC-99F7-C8091E5DF7AA}"
EndProject
Project("{2150E333-8FDC-42A3-9474-1A3956D46DE8}") = "Data", "Data", "{4BA3F6DB-C041-46BC-9261-D04E9390E9BC}"
EndProject
Project("{2150E333-8FDC-42A3-9474-1A3956D46DE8}") = "Common", "Common", "{E96EFEB8-F070-4D06-8896-F7D74530EEF9}"
EndProject
Project("{2150E333-8FDC-42A3-9474-1A3956D46DE8}") = "Model", "Model", "{E0CE9002-019C-4AFE-9E24-EAEC91FE5DD6}"
EndProject
Project("{2150E333-8FDC-42A3-9474-1A3956D46DE8}") = "OpenApiSDK", "OpenApiSDK", "{58EDD236-405D-4D3E-9AE8-35DB09699CD7}"
EndProject
Project("{2150E333-8FDC-42A3-9474-1A3956D46DE8}") = "Repository", "Repository", "{0C54EFF4-93D1-40BC-8A2C-6007DD10540C}"
EndProject
Project("{FAE04EC0-301F-11D3-BF4B-00C04F79EFBC}") = "Travelling.ViewModel", "Travelling.ViewModel\Travelling.ViewModel.csproj", "{73D09FD5-F29E-4F5A-8017-42930776F772}"
EndProject
Project("{FAE04EC0-301F-11D3-BF4B-00C04F79EFBC}") = "Travelling.TravelInterface", "Travelling.TravelInterface\Travelling.TravelInterface.csproj", "{B579D0BF-ABC9-4E0C-B71B-62C3197261F0}"
EndProject
Project("{FAE04EC0-301F-11D3-BF4B-00C04F79EFBC}") = "Travelling.DataProvider", "Travelling.DataProvider\Travelling.DataProvider.csproj", "{A15ACE77-D562-4FDA-B7BA-27467E8AE466}"
EndProject
Project("{FAE04EC0-301F-11D3-BF4B-00C04F79EFBC}") = "DataSyncBox", "DataSyncBox\DataSyncBox.csproj", "{A7541097-C572-4B57-B344-F18F95F142DE}"
EndProject
Project("{2150E333-8FDC-42A3-9474-1A3956D46DE8}") = "WinForm", "WinForm", "{A9CCE333-45A9-444D-B529-EB7D68980D22}"
EndProject
Project("{FAE04EC0-301F-11D3-BF4B-00C04F79EFBC}") = "Travelling.OpenApiLogic", "Travelling.OpenApiLogic\Travelling.OpenApiLogic.csproj", "{93251DE9-D810-4132-9BCD-355E4FB5C3EE}"
EndProject
Project("{00D1A9C2-B5F0-4AF3-8072-F6C62B433612}") = "Travelling.DataScripts", "Travelling.DataScripts\Travelling.DataScripts.sqlproj", "{DB9153B6-735E-4EAE-85A6-B865E8FBF182}"
EndProject
Project("{FAE04EC0-301F-11D3-BF4B-00C04F79EFBC}") = "Travelling.JobSchedule", "Travelling.JobSchedule\Travelling.JobSchedule.csproj", "{D220C9D5-9E35-467C-9179-199338B26359}"
EndProject
Project("{2150E333-8FDC-42A3-9474-1A3956D46DE8}") = "Job", "Job", "{3F721AFE-63DC-497F-BFB5-F5D065C44F58}"
EndProject
Project("{FAE04EC0-301F-11D3-BF4B-00C04F79EFBC}") = "Travelling.Job", "Travelling.Job\Travelling.Job.csproj", "{88692BBF-AEDE-4C4D-AD17-F5A4AA087113}"
EndProject
Project("{2150E333-8FDC-42A3-9474-1A3956D46DE8}") = "Cache", "Cache", "{7E4F4FB1-9D67-4AA4-960A-98F451E08320}"
EndProject
Project("{FAE04EC0-301F-11D3-BF4B-00C04F79EFBC}") = "Travelling.Lucene", "Travelling.Lucene\Travelling.Lucene.csproj", "{BE32A215-4DC5-474A-825E-12BC83E4680C}"
EndProject
Project("{2150E333-8FDC-42A3-9474-1A3956D46DE8}") = "Test", "Test", "{770BEF86-ACC6-456D-BC61-D7EBD4E45B26}"
EndProject
Project("{FAE04EC0-301F-11D3-BF4B-00C04F79EFBC}") = "Travelling.Test", "Travelling.Test\Travelling.Test.csproj", "{46F63815-420A-48E8-890C-B8B3E669846E}"
EndProject
Project("{FAE04EC0-301F-11D3-BF4B-00C04F79EFBC}") = "Travelling.RunTest", "Travelling.RunTest\Travelling.RunTest.csproj", "{98A6FACC-1F0B-4594-A440-F7FF26A772B9}"
EndProject
Project("{2150E333-8FDC-42A3-9474-1A3956D46DE8}") = "Search", "Search", "{6B306E5A-B65B-43E1-93F8-89B027977C92}"
EndProject
Project("{FAE04EC0-301F-11D3-BF4B-00C04F79EFBC}") = "Travelling.Redis", "Travelling.Redis\Travelling.Redis.csproj", "{A5E60867-BED0-4365-9B54-DB6176A5F72D}"
EndProject
Project("{FAE04EC0-301F-11D3-BF4B-00C04F79EFBC}") = "Travelling.CacheLayer", "Travelling.CacheLayer\Travelling.CacheLayer.csproj", "{2795D2F8-212A-422B-A582-EAC3E76A57B6}"
EndProject
Global
	GlobalSection(SolutionConfigurationPlatforms) = preSolution
		Debug|Any CPU = Debug|Any CPU
		Release|Any CPU = Release|Any CPU
	EndGlobalSection
	GlobalSection(ProjectConfigurationPlatforms) = postSolution
		{CEDA6BB9-E285-4F4C-984E-CE3B7E4870F5}.Debug|Any CPU.ActiveCfg = Debug|Any CPU
		{CEDA6BB9-E285-4F4C-984E-CE3B7E4870F5}.Debug|Any CPU.Build.0 = Debug|Any CPU
		{CEDA6BB9-E285-4F4C-984E-CE3B7E4870F5}.Release|Any CPU.ActiveCfg = Release|Any CPU
		{CEDA6BB9-E285-4F4C-984E-CE3B7E4870F5}.Release|Any CPU.Build.0 = Release|Any CPU
		{5F404BE1-5384-4E02-AFC0-30AB4E63D5EA}.Debug|Any CPU.ActiveCfg = Debug|Any CPU
		{5F404BE1-5384-4E02-AFC0-30AB4E63D5EA}.Debug|Any CPU.Build.0 = Debug|Any CPU
		{5F404BE1-5384-4E02-AFC0-30AB4E63D5EA}.Release|Any CPU.ActiveCfg = Release|Any CPU
		{5F404BE1-5384-4E02-AFC0-30AB4E63D5EA}.Release|Any CPU.Build.0 = Release|Any CPU
		{EFBBC89A-C762-46C6-A05B-5AA485806ECD}.Debug|Any CPU.ActiveCfg = Debug|Any CPU
		{EFBBC89A-C762-46C6-A05B-5AA485806ECD}.Debug|Any CPU.Build.0 = Debug|Any CPU
		{EFBBC89A-C762-46C6-A05B-5AA485806ECD}.Release|Any CPU.ActiveCfg = Release|Any CPU
		{EFBBC89A-C762-46C6-A05B-5AA485806ECD}.Release|Any CPU.Build.0 = Release|Any CPU
		{B6134BA8-8869-49DA-B273-6E54AA2C7D67}.Debug|Any CPU.ActiveCfg = Debug|Any CPU
		{B6134BA8-8869-49DA-B273-6E54AA2C7D67}.Debug|Any CPU.Build.0 = Debug|Any CPU
		{B6134BA8-8869-49DA-B273-6E54AA2C7D67}.Release|Any CPU.ActiveCfg = Release|Any CPU
		{B6134BA8-8869-49DA-B273-6E54AA2C7D67}.Release|Any CPU.Build.0 = Release|Any CPU
		{341B6A3A-81CE-4124-A51C-B4F3A98989EF}.Debug|Any CPU.ActiveCfg = Debug|Any CPU
		{341B6A3A-81CE-4124-A51C-B4F3A98989EF}.Debug|Any CPU.Build.0 = Debug|Any CPU
		{341B6A3A-81CE-4124-A51C-B4F3A98989EF}.Release|Any CPU.ActiveCfg = Release|Any CPU
		{341B6A3A-81CE-4124-A51C-B4F3A98989EF}.Release|Any CPU.Build.0 = Release|Any CPU
		{217E5F0D-F46C-498D-B7B1-DB75B7670B19}.Debug|Any CPU.ActiveCfg = Debug|Any CPU
		{217E5F0D-F46C-498D-B7B1-DB75B7670B19}.Debug|Any CPU.Build.0 = Debug|Any CPU
		{217E5F0D-F46C-498D-B7B1-DB75B7670B19}.Release|Any CPU.ActiveCfg = Release|Any CPU
		{217E5F0D-F46C-498D-B7B1-DB75B7670B19}.Release|Any CPU.Build.0 = Release|Any CPU
		{D0CC3DC2-E7B1-486F-B6B5-CB7B9EE1FF27}.Debug|Any CPU.ActiveCfg = Debug|Any CPU
		{D0CC3DC2-E7B1-486F-B6B5-CB7B9EE1FF27}.Debug|Any CPU.Build.0 = Debug|Any CPU
		{D0CC3DC2-E7B1-486F-B6B5-CB7B9EE1FF27}.Release|Any CPU.ActiveCfg = Release|Any CPU
		{D0CC3DC2-E7B1-486F-B6B5-CB7B9EE1FF27}.Release|Any CPU.Build.0 = Release|Any CPU
		{44BA1B80-DADE-446C-A0AA-CEC37A6381BA}.Debug|Any CPU.ActiveCfg = Debug|Any CPU
		{44BA1B80-DADE-446C-A0AA-CEC37A6381BA}.Debug|Any CPU.Build.0 = Debug|Any CPU
		{44BA1B80-DADE-446C-A0AA-CEC37A6381BA}.Release|Any CPU.ActiveCfg = Release|Any CPU
		{44BA1B80-DADE-446C-A0AA-CEC37A6381BA}.Release|Any CPU.Build.0 = Release|Any CPU
		{075522D2-7387-45FA-884A-E59DE4C16665}.Debug|Any CPU.ActiveCfg = Debug|Any CPU
		{075522D2-7387-45FA-884A-E59DE4C16665}.Debug|Any CPU.Build.0 = Debug|Any CPU
		{075522D2-7387-45FA-884A-E59DE4C16665}.Release|Any CPU.ActiveCfg = Release|Any CPU
		{075522D2-7387-45FA-884A-E59DE4C16665}.Release|Any CPU.Build.0 = Release|Any CPU
		{4FAC92AC-8334-428E-A469-91A25B8663EB}.Debug|Any CPU.ActiveCfg = Debug|Any CPU
		{4FAC92AC-8334-428E-A469-91A25B8663EB}.Debug|Any CPU.Build.0 = Debug|Any CPU
		{4FAC92AC-8334-428E-A469-91A25B8663EB}.Release|Any CPU.ActiveCfg = Release|Any CPU
		{4FAC92AC-8334-428E-A469-91A25B8663EB}.Release|Any CPU.Build.0 = Release|Any CPU
		{73D09FD5-F29E-4F5A-8017-42930776F772}.Debug|Any CPU.ActiveCfg = Debug|Any CPU
		{73D09FD5-F29E-4F5A-8017-42930776F772}.Debug|Any CPU.Build.0 = Debug|Any CPU
		{73D09FD5-F29E-4F5A-8017-42930776F772}.Release|Any CPU.ActiveCfg = Release|Any CPU
		{73D09FD5-F29E-4F5A-8017-42930776F772}.Release|Any CPU.Build.0 = Release|Any CPU
		{B579D0BF-ABC9-4E0C-B71B-62C3197261F0}.Debug|Any CPU.ActiveCfg = Debug|Any CPU
		{B579D0BF-ABC9-4E0C-B71B-62C3197261F0}.Debug|Any CPU.Build.0 = Debug|Any CPU
		{B579D0BF-ABC9-4E0C-B71B-62C3197261F0}.Release|Any CPU.ActiveCfg = Release|Any CPU
		{B579D0BF-ABC9-4E0C-B71B-62C3197261F0}.Release|Any CPU.Build.0 = Release|Any CPU
		{A15ACE77-D562-4FDA-B7BA-27467E8AE466}.Debug|Any CPU.ActiveCfg = Debug|Any CPU
		{A15ACE77-D562-4FDA-B7BA-27467E8AE466}.Debug|Any CPU.Build.0 = Debug|Any CPU
		{A15ACE77-D562-4FDA-B7BA-27467E8AE466}.Release|Any CPU.ActiveCfg = Release|Any CPU
		{A15ACE77-D562-4FDA-B7BA-27467E8AE466}.Release|Any CPU.Build.0 = Release|Any CPU
		{A7541097-C572-4B57-B344-F18F95F142DE}.Debug|Any CPU.ActiveCfg = Debug|Any CPU
		{A7541097-C572-4B57-B344-F18F95F142DE}.Debug|Any CPU.Build.0 = Debug|Any CPU
		{A7541097-C572-4B57-B344-F18F95F142DE}.Release|Any CPU.ActiveCfg = Release|Any CPU
		{A7541097-C572-4B57-B344-F18F95F142DE}.Release|Any CPU.Build.0 = Release|Any CPU
		{93251DE9-D810-4132-9BCD-355E4FB5C3EE}.Debug|Any CPU.ActiveCfg = Debug|Any CPU
		{93251DE9-D810-4132-9BCD-355E4FB5C3EE}.Debug|Any CPU.Build.0 = Debug|Any CPU
		{93251DE9-D810-4132-9BCD-355E4FB5C3EE}.Release|Any CPU.ActiveCfg = Release|Any CPU
		{93251DE9-D810-4132-9BCD-355E4FB5C3EE}.Release|Any CPU.Build.0 = Release|Any CPU
		{DB9153B6-735E-4EAE-85A6-B865E8FBF182}.Debug|Any CPU.ActiveCfg = Debug|Any CPU
		{DB9153B6-735E-4EAE-85A6-B865E8FBF182}.Debug|Any CPU.Build.0 = Debug|Any CPU
		{DB9153B6-735E-4EAE-85A6-B865E8FBF182}.Debug|Any CPU.Deploy.0 = Debug|Any CPU
		{DB9153B6-735E-4EAE-85A6-B865E8FBF182}.Release|Any CPU.ActiveCfg = Release|Any CPU
		{DB9153B6-735E-4EAE-85A6-B865E8FBF182}.Release|Any CPU.Build.0 = Release|Any CPU
		{DB9153B6-735E-4EAE-85A6-B865E8FBF182}.Release|Any CPU.Deploy.0 = Release|Any CPU
		{D220C9D5-9E35-467C-9179-199338B26359}.Debug|Any CPU.ActiveCfg = Debug|Any CPU
		{D220C9D5-9E35-467C-9179-199338B26359}.Debug|Any CPU.Build.0 = Debug|Any CPU
		{D220C9D5-9E35-467C-9179-199338B26359}.Release|Any CPU.ActiveCfg = Release|Any CPU
		{D220C9D5-9E35-467C-9179-199338B26359}.Release|Any CPU.Build.0 = Release|Any CPU
		{88692BBF-AEDE-4C4D-AD17-F5A4AA087113}.Debug|Any CPU.ActiveCfg = Debug|Any CPU
		{88692BBF-AEDE-4C4D-AD17-F5A4AA087113}.Debug|Any CPU.Build.0 = Debug|Any CPU
		{88692BBF-AEDE-4C4D-AD17-F5A4AA087113}.Release|Any CPU.ActiveCfg = Release|Any CPU
		{88692BBF-AEDE-4C4D-AD17-F5A4AA087113}.Release|Any CPU.Build.0 = Release|Any CPU
		{BE32A215-4DC5-474A-825E-12BC83E4680C}.Debug|Any CPU.ActiveCfg = Debug|Any CPU
		{BE32A215-4DC5-474A-825E-12BC83E4680C}.Debug|Any CPU.Build.0 = Debug|Any CPU
		{BE32A215-4DC5-474A-825E-12BC83E4680C}.Release|Any CPU.ActiveCfg = Release|Any CPU
		{BE32A215-4DC5-474A-825E-12BC83E4680C}.Release|Any CPU.Build.0 = Release|Any CPU
		{46F63815-420A-48E8-890C-B8B3E669846E}.Debug|Any CPU.ActiveCfg = Debug|Any CPU
		{46F63815-420A-48E8-890C-B8B3E669846E}.Debug|Any CPU.Build.0 = Debug|Any CPU
		{46F63815-420A-48E8-890C-B8B3E669846E}.Release|Any CPU.ActiveCfg = Release|Any CPU
		{46F63815-420A-48E8-890C-B8B3E669846E}.Release|Any CPU.Build.0 = Release|Any CPU
		{98A6FACC-1F0B-4594-A440-F7FF26A772B9}.Debug|Any CPU.ActiveCfg = Debug|Any CPU
		{98A6FACC-1F0B-4594-A440-F7FF26A772B9}.Debug|Any CPU.Build.0 = Debug|Any CPU
		{98A6FACC-1F0B-4594-A440-F7FF26A772B9}.Release|Any CPU.ActiveCfg = Release|Any CPU
		{98A6FACC-1F0B-4594-A440-F7FF26A772B9}.Release|Any CPU.Build.0 = Release|Any CPU
		{A5E60867-BED0-4365-9B54-DB6176A5F72D}.Debug|Any CPU.ActiveCfg = Debug|Any CPU
		{A5E60867-BED0-4365-9B54-DB6176A5F72D}.Debug|Any CPU.Build.0 = Debug|Any CPU
		{A5E60867-BED0-4365-9B54-DB6176A5F72D}.Release|Any CPU.ActiveCfg = Release|Any CPU
		{A5E60867-BED0-4365-9B54-DB6176A5F72D}.Release|Any CPU.Build.0 = Release|Any CPU
		{2795D2F8-212A-422B-A582-EAC3E76A57B6}.Debug|Any CPU.ActiveCfg = Debug|Any CPU
		{2795D2F8-212A-422B-A582-EAC3E76A57B6}.Debug|Any CPU.Build.0 = Debug|Any CPU
		{2795D2F8-212A-422B-A582-EAC3E76A57B6}.Release|Any CPU.ActiveCfg = Release|Any CPU
		{2795D2F8-212A-422B-A582-EAC3E76A57B6}.Release|Any CPU.Build.0 = Release|Any CPU
	EndGlobalSection
	GlobalSection(SolutionProperties) = preSolution
		HideSolutionNode = FALSE
	EndGlobalSection
	GlobalSection(NestedProjects) = preSolution
		{CEDA6BB9-E285-4F4C-984E-CE3B7E4870F5} = {0C54EFF4-93D1-40BC-8A2C-6007DD10540C}
		{5F404BE1-5384-4E02-AFC0-30AB4E63D5EA} = {4BA3F6DB-C041-46BC-9261-D04E9390E9BC}
		{EFBBC89A-C762-46C6-A05B-5AA485806ECD} = {6DD5431F-B6B8-4AFC-99F7-C8091E5DF7AA}
		{B6134BA8-8869-49DA-B273-6E54AA2C7D67} = {6DD5431F-B6B8-4AFC-99F7-C8091E5DF7AA}
		{341B6A3A-81CE-4124-A51C-B4F3A98989EF} = {E0CE9002-019C-4AFE-9E24-EAEC91FE5DD6}
		{217E5F0D-F46C-498D-B7B1-DB75B7670B19} = {58EDD236-405D-4D3E-9AE8-35DB09699CD7}
		{D0CC3DC2-E7B1-486F-B6B5-CB7B9EE1FF27} = {7E4F4FB1-9D67-4AA4-960A-98F451E08320}
		{44BA1B80-DADE-446C-A0AA-CEC37A6381BA} = {E96EFEB8-F070-4D06-8896-F7D74530EEF9}
		{075522D2-7387-45FA-884A-E59DE4C16665} = {E96EFEB8-F070-4D06-8896-F7D74530EEF9}
		{4FAC92AC-8334-428E-A469-91A25B8663EB} = {58EDD236-405D-4D3E-9AE8-35DB09699CD7}
		{73D09FD5-F29E-4F5A-8017-42930776F772} = {E0CE9002-019C-4AFE-9E24-EAEC91FE5DD6}
		{B579D0BF-ABC9-4E0C-B71B-62C3197261F0} = {0C54EFF4-93D1-40BC-8A2C-6007DD10540C}
		{A15ACE77-D562-4FDA-B7BA-27467E8AE466} = {4BA3F6DB-C041-46BC-9261-D04E9390E9BC}
		{A7541097-C572-4B57-B344-F18F95F142DE} = {A9CCE333-45A9-444D-B529-EB7D68980D22}
		{93251DE9-D810-4132-9BCD-355E4FB5C3EE} = {58EDD236-405D-4D3E-9AE8-35DB09699CD7}
		{DB9153B6-735E-4EAE-85A6-B865E8FBF182} = {4BA3F6DB-C041-46BC-9261-D04E9390E9BC}
		{D220C9D5-9E35-467C-9179-199338B26359} = {3F721AFE-63DC-497F-BFB5-F5D065C44F58}
		{88692BBF-AEDE-4C4D-AD17-F5A4AA087113} = {3F721AFE-63DC-497F-BFB5-F5D065C44F58}
		{BE32A215-4DC5-474A-825E-12BC83E4680C} = {6B306E5A-B65B-43E1-93F8-89B027977C92}
		{46F63815-420A-48E8-890C-B8B3E669846E} = {770BEF86-ACC6-456D-BC61-D7EBD4E45B26}
		{98A6FACC-1F0B-4594-A440-F7FF26A772B9} = {770BEF86-ACC6-456D-BC61-D7EBD4E45B26}
		{A5E60867-BED0-4365-9B54-DB6176A5F72D} = {7E4F4FB1-9D67-4AA4-960A-98F451E08320}
		{2795D2F8-212A-422B-A582-EAC3E76A57B6} = {7E4F4FB1-9D67-4AA4-960A-98F451E08320}
	EndGlobalSection
EndGlobal
